
Microsoft Visual Studio Solution File, Format Version 12.00
# Visual Studio Version 16
VisualStudioVersion = 16.0.29230.47
MinimumVisualStudioVersion = 10.0.40219.1
Project("{FAE04EC0-301F-11D3-BF4B-00C04F79EFBC}") = "pryNatillera", "pryNatillera\pryNatillera.csproj", "{F6AA104B-937E-4410-ACD6-9C11C1B5EEF2}"
EndProject
Global
	GlobalSection(SolutionConfigurationPlatforms) = preSolution
		Debug|Any CPU = Debug|Any CPU
		Release|Any CPU = Release|Any CPU
	EndGlobalSection
	GlobalSection(ProjectConfigurationPlatforms) = postSolution
		{F6AA104B-937E-4410-ACD6-9C11C1B5EEF2}.Debug|Any CPU.ActiveCfg = Debug|Any CPU
		{F6AA104B-937E-4410-ACD6-9C11C1B5EEF2}.Debug|Any CPU.Build.0 = Debug|Any CPU
		{F6AA104B-937E-4410-ACD6-9C11C1B5EEF2}.Release|Any CPU.ActiveCfg = Release|Any CPU
		{F6AA104B-937E-4410-ACD6-9C11C1B5EEF2}.Release|Any CPU.Build.0 = Release|Any CPU
	EndGlobalSection
	GlobalSection(SolutionProperties) = preSolution
		HideSolutionNode = FALSE
	EndGlobalSection
	GlobalSection(ExtensibilityGlobals) = postSolution
		SolutionGuid = {01B593A1-59A1-4338-8426-F31D9B90FD1E}
	EndGlobalSection
EndGlobal
