
Microsoft Visual Studio Solution File, Format Version 12.00
# Visual Studio Version 16
VisualStudioVersion = 16.0.29230.47
MinimumVisualStudioVersion = 10.0.40219.1
Project("{9A19103F-16F7-4668-BE54-9A1E7A4F7556}") = "pryNatillera", "pryNatillera\pryNatillera.csproj", "{F6AA104B-937E-4410-ACD6-9C11C1B5EEF2}"
EndProject
Project("{2150E333-8FDC-42A3-9474-1A3956D46DE8}") = "1.Layers", "1.Layers", "{D9BE282B-F2C4-4512-8F4A-91E6AB55D372}"
EndProject
Project("{2150E333-8FDC-42A3-9474-1A3956D46DE8}") = "1.1 Servicios Distribuidos", "1.1 Servicios Distribuidos", "{4EE591E6-1026-49AB-A35E-A6E4AD724191}"
EndProject
Project("{2150E333-8FDC-42A3-9474-1A3956D46DE8}") = "1.2 Aplicacion", "1.2 Aplicacion", "{9F9C8311-0F3B-46C7-9B81-1C006981EAC4}"
EndProject
Project("{9A19103F-16F7-4668-BE54-9A1E7A4F7556}") = "NatilleraApiAplicationContract", "NatilleraApiAplicationContract\NatilleraApiAplicationContract.csproj", "{F935F16B-236F-40B4-927E-E45926B2CAB0}"
EndProject
Project("{9A19103F-16F7-4668-BE54-9A1E7A4F7556}") = "NatilleraApiAplication", "NatilleraApiAplication\NatilleraApiAplication.csproj", "{A568C409-DA4D-42A2-B50E-722F5A1B71EE}"
EndProject
Project("{2150E333-8FDC-42A3-9474-1A3956D46DE8}") = "1.3 Business", "1.3 Business", "{0D64AFEC-E5DC-4302-8887-7AE9043AC429}"
EndProject
Project("{9A19103F-16F7-4668-BE54-9A1E7A4F7556}") = "NatilleraApiBusinnes", "NatilleraApiBusinnes\NatilleraApiBusinnes.csproj", "{3FA09EB5-CB36-44CC-84AE-017981D55FDA}"
EndProject
Project("{2150E333-8FDC-42A3-9474-1A3956D46DE8}") = "1.4 DataAccess", "1.4 DataAccess", "{AC1D0E87-0D54-4178-BC90-75CE17E0A23C}"
EndProject
Project("{9A19103F-16F7-4668-BE54-9A1E7A4F7556}") = "NatilleraApiDataAccess", "NatilleraApiDataAccess\NatilleraApiDataAccess.csproj", "{7F55F3AC-537F-4738-812C-B4BDA1300D54}"
EndProject
Project("{9A19103F-16F7-4668-BE54-9A1E7A4F7556}") = "NatilleraApiDataAccessContract", "NatilleraApiDataAccessContract\NatilleraApiDataAccessContract.csproj", "{91FC22B0-5650-41AC-80E0-9663E758F18D}"
EndProject
Project("{2150E333-8FDC-42A3-9474-1A3956D46DE8}") = "1.5 CrossCutting", "1.5 CrossCutting", "{E6E24FF1-668E-42BA-8497-5FD99E669E8A}"
	ProjectSection(SolutionItems) = preProject
		Descripción.txt = Descripción.txt
	EndProjectSection
EndProject
Project("{9A19103F-16F7-4668-BE54-9A1E7A4F7556}") = "NotificacionApiCrossClothing", "NotificacionApiCrossClothing\NotificacionApiCrossClothing.csproj", "{42D8C8E1-3778-46E6-ACC0-E4F22B75FF6F}"
EndProject
Project("{FAE04EC0-301F-11D3-BF4B-00C04F79EFBC}") = "LoggerService", "LoggerService\LoggerService.csproj", "{6D50164E-1091-414D-9C95-6FD14D2FFE40}"
EndProject
Global
	GlobalSection(SolutionConfigurationPlatforms) = preSolution
		Debug|Any CPU = Debug|Any CPU
		Release|Any CPU = Release|Any CPU
	EndGlobalSection
	GlobalSection(ProjectConfigurationPlatforms) = postSolution
		{F6AA104B-937E-4410-ACD6-9C11C1B5EEF2}.Debug|Any CPU.ActiveCfg = Debug|Any CPU
		{F6AA104B-937E-4410-ACD6-9C11C1B5EEF2}.Debug|Any CPU.Build.0 = Debug|Any CPU
		{F6AA104B-937E-4410-ACD6-9C11C1B5EEF2}.Release|Any CPU.ActiveCfg = Release|Any CPU
		{F6AA104B-937E-4410-ACD6-9C11C1B5EEF2}.Release|Any CPU.Build.0 = Release|Any CPU
		{F935F16B-236F-40B4-927E-E45926B2CAB0}.Debug|Any CPU.ActiveCfg = Debug|Any CPU
		{F935F16B-236F-40B4-927E-E45926B2CAB0}.Debug|Any CPU.Build.0 = Debug|Any CPU
		{F935F16B-236F-40B4-927E-E45926B2CAB0}.Release|Any CPU.ActiveCfg = Release|Any CPU
		{F935F16B-236F-40B4-927E-E45926B2CAB0}.Release|Any CPU.Build.0 = Release|Any CPU
		{A568C409-DA4D-42A2-B50E-722F5A1B71EE}.Debug|Any CPU.ActiveCfg = Debug|Any CPU
		{A568C409-DA4D-42A2-B50E-722F5A1B71EE}.Debug|Any CPU.Build.0 = Debug|Any CPU
		{A568C409-DA4D-42A2-B50E-722F5A1B71EE}.Release|Any CPU.ActiveCfg = Release|Any CPU
		{A568C409-DA4D-42A2-B50E-722F5A1B71EE}.Release|Any CPU.Build.0 = Release|Any CPU
		{3FA09EB5-CB36-44CC-84AE-017981D55FDA}.Debug|Any CPU.ActiveCfg = Debug|Any CPU
		{3FA09EB5-CB36-44CC-84AE-017981D55FDA}.Debug|Any CPU.Build.0 = Debug|Any CPU
		{3FA09EB5-CB36-44CC-84AE-017981D55FDA}.Release|Any CPU.ActiveCfg = Release|Any CPU
		{3FA09EB5-CB36-44CC-84AE-017981D55FDA}.Release|Any CPU.Build.0 = Release|Any CPU
		{7F55F3AC-537F-4738-812C-B4BDA1300D54}.Debug|Any CPU.ActiveCfg = Debug|Any CPU
		{7F55F3AC-537F-4738-812C-B4BDA1300D54}.Debug|Any CPU.Build.0 = Debug|Any CPU
		{7F55F3AC-537F-4738-812C-B4BDA1300D54}.Release|Any CPU.ActiveCfg = Release|Any CPU
		{7F55F3AC-537F-4738-812C-B4BDA1300D54}.Release|Any CPU.Build.0 = Release|Any CPU
		{91FC22B0-5650-41AC-80E0-9663E758F18D}.Debug|Any CPU.ActiveCfg = Debug|Any CPU
		{91FC22B0-5650-41AC-80E0-9663E758F18D}.Debug|Any CPU.Build.0 = Debug|Any CPU
		{91FC22B0-5650-41AC-80E0-9663E758F18D}.Release|Any CPU.ActiveCfg = Release|Any CPU
		{91FC22B0-5650-41AC-80E0-9663E758F18D}.Release|Any CPU.Build.0 = Release|Any CPU
		{42D8C8E1-3778-46E6-ACC0-E4F22B75FF6F}.Debug|Any CPU.ActiveCfg = Debug|Any CPU
		{42D8C8E1-3778-46E6-ACC0-E4F22B75FF6F}.Debug|Any CPU.Build.0 = Debug|Any CPU
		{42D8C8E1-3778-46E6-ACC0-E4F22B75FF6F}.Release|Any CPU.ActiveCfg = Release|Any CPU
		{42D8C8E1-3778-46E6-ACC0-E4F22B75FF6F}.Release|Any CPU.Build.0 = Release|Any CPU
		{6D50164E-1091-414D-9C95-6FD14D2FFE40}.Debug|Any CPU.ActiveCfg = Debug|Any CPU
		{6D50164E-1091-414D-9C95-6FD14D2FFE40}.Debug|Any CPU.Build.0 = Debug|Any CPU
		{6D50164E-1091-414D-9C95-6FD14D2FFE40}.Release|Any CPU.ActiveCfg = Release|Any CPU
		{6D50164E-1091-414D-9C95-6FD14D2FFE40}.Release|Any CPU.Build.0 = Release|Any CPU
	EndGlobalSection
	GlobalSection(SolutionProperties) = preSolution
		HideSolutionNode = FALSE
	EndGlobalSection
	GlobalSection(NestedProjects) = preSolution
		{F6AA104B-937E-4410-ACD6-9C11C1B5EEF2} = {4EE591E6-1026-49AB-A35E-A6E4AD724191}
		{4EE591E6-1026-49AB-A35E-A6E4AD724191} = {D9BE282B-F2C4-4512-8F4A-91E6AB55D372}
		{9F9C8311-0F3B-46C7-9B81-1C006981EAC4} = {D9BE282B-F2C4-4512-8F4A-91E6AB55D372}
		{F935F16B-236F-40B4-927E-E45926B2CAB0} = {9F9C8311-0F3B-46C7-9B81-1C006981EAC4}
		{A568C409-DA4D-42A2-B50E-722F5A1B71EE} = {9F9C8311-0F3B-46C7-9B81-1C006981EAC4}
		{0D64AFEC-E5DC-4302-8887-7AE9043AC429} = {D9BE282B-F2C4-4512-8F4A-91E6AB55D372}
		{3FA09EB5-CB36-44CC-84AE-017981D55FDA} = {0D64AFEC-E5DC-4302-8887-7AE9043AC429}
		{AC1D0E87-0D54-4178-BC90-75CE17E0A23C} = {D9BE282B-F2C4-4512-8F4A-91E6AB55D372}
		{7F55F3AC-537F-4738-812C-B4BDA1300D54} = {AC1D0E87-0D54-4178-BC90-75CE17E0A23C}
		{91FC22B0-5650-41AC-80E0-9663E758F18D} = {AC1D0E87-0D54-4178-BC90-75CE17E0A23C}
		{E6E24FF1-668E-42BA-8497-5FD99E669E8A} = {D9BE282B-F2C4-4512-8F4A-91E6AB55D372}
		{42D8C8E1-3778-46E6-ACC0-E4F22B75FF6F} = {E6E24FF1-668E-42BA-8497-5FD99E669E8A}
		{6D50164E-1091-414D-9C95-6FD14D2FFE40} = {E6E24FF1-668E-42BA-8497-5FD99E669E8A}
	EndGlobalSection
	GlobalSection(ExtensibilityGlobals) = postSolution
		SolutionGuid = {01B593A1-59A1-4338-8426-F31D9B90FD1E}
	EndGlobalSection
EndGlobal
